
Microsoft Visual Studio Solution File, Format Version 12.00
# Visual Studio Version 16
VisualStudioVersion = 16.0.31220.234
MinimumVisualStudioVersion = 10.0.40219.1
Project("{FAE04EC0-301F-11D3-BF4B-00C04F79EFBC}") = "Ratuj Ludzi", "Ratuj Ludzi\Ratuj Ludzi.csproj", "{5574A2B2-4EAA-46D1-8AC1-0763CC59B155}"
EndProject
Global
	GlobalSection(SolutionConfigurationPlatforms) = preSolution
		Debug|Any CPU = Debug|Any CPU
		Release|Any CPU = Release|Any CPU
	EndGlobalSection
	GlobalSection(ProjectConfigurationPlatforms) = postSolution
		{5574A2B2-4EAA-46D1-8AC1-0763CC59B155}.Debug|Any CPU.ActiveCfg = Debug|Any CPU
		{5574A2B2-4EAA-46D1-8AC1-0763CC59B155}.Debug|Any CPU.Build.0 = Debug|Any CPU
		{5574A2B2-4EAA-46D1-8AC1-0763CC59B155}.Release|Any CPU.ActiveCfg = Release|Any CPU
		{5574A2B2-4EAA-46D1-8AC1-0763CC59B155}.Release|Any CPU.Build.0 = Release|Any CPU
	EndGlobalSection
	GlobalSection(SolutionProperties) = preSolution
		HideSolutionNode = FALSE
	EndGlobalSection
	GlobalSection(ExtensibilityGlobals) = postSolution
		SolutionGuid = {AD239E96-7165-49D1-86CC-4C7D1433DF78}
	EndGlobalSection
EndGlobal
